
Microsoft Visual Studio Solution File, Format Version 12.00
# Visual Studio Version 17
VisualStudioVersion = 17.9.34728.123
MinimumVisualStudioVersion = 10.0.40219.1
Project("{FAE04EC0-301F-11D3-BF4B-00C04F79EFBC}") = "ProyectoFinal", "ProyectoFinal.csproj", "{06CB65B3-228D-4589-9ACA-E3269000139D}"
EndProject
Global
	GlobalSection(SolutionConfigurationPlatforms) = preSolution
		Debug|Any CPU = Debug|Any CPU
		Release|Any CPU = Release|Any CPU
	EndGlobalSection
	GlobalSection(ProjectConfigurationPlatforms) = postSolution
		{06CB65B3-228D-4589-9ACA-E3269000139D}.Debug|Any CPU.ActiveCfg = Debug|Any CPU
		{06CB65B3-228D-4589-9ACA-E3269000139D}.Debug|Any CPU.Build.0 = Debug|Any CPU
		{06CB65B3-228D-4589-9ACA-E3269000139D}.Debug|Any CPU.Deploy.0 = Debug|Any CPU
		{06CB65B3-228D-4589-9ACA-E3269000139D}.Release|Any CPU.ActiveCfg = Release|Any CPU
		{06CB65B3-228D-4589-9ACA-E3269000139D}.Release|Any CPU.Build.0 = Release|Any CPU
		{06CB65B3-228D-4589-9ACA-E3269000139D}.Release|Any CPU.Deploy.0 = Release|Any CPU
	EndGlobalSection
	GlobalSection(SolutionProperties) = preSolution
		HideSolutionNode = FALSE
	EndGlobalSection
	GlobalSection(ExtensibilityGlobals) = postSolution
		SolutionGuid = {ECD25311-0C1A-4B37-82E5-6DADE45DB11B}
	EndGlobalSection
EndGlobal
